
Microsoft Visual Studio Solution File, Format Version 12.00
# Visual Studio Version 16
VisualStudioVersion = 16.0.30907.101
MinimumVisualStudioVersion = 10.0.40219.1
Project("{FAE04EC0-301F-11D3-BF4B-00C04F79EFBC}") = "Sweepstakes", "Sweepstakes.csproj", "{5B7B9CD6-5D8C-4770-990A-79011EA63B43}"
EndProject
Global
	GlobalSection(SolutionConfigurationPlatforms) = preSolution
		Debug|Any CPU = Debug|Any CPU
		Release|Any CPU = Release|Any CPU
	EndGlobalSection
	GlobalSection(ProjectConfigurationPlatforms) = postSolution
		{5B7B9CD6-5D8C-4770-990A-79011EA63B43}.Debug|Any CPU.ActiveCfg = Debug|Any CPU
		{5B7B9CD6-5D8C-4770-990A-79011EA63B43}.Debug|Any CPU.Build.0 = Debug|Any CPU
		{5B7B9CD6-5D8C-4770-990A-79011EA63B43}.Release|Any CPU.ActiveCfg = Release|Any CPU
		{5B7B9CD6-5D8C-4770-990A-79011EA63B43}.Release|Any CPU.Build.0 = Release|Any CPU
	EndGlobalSection
	GlobalSection(SolutionProperties) = preSolution
		HideSolutionNode = FALSE
	EndGlobalSection
	GlobalSection(ExtensibilityGlobals) = postSolution
		SolutionGuid = {2652BB8D-B367-431A-BE8A-5E956112C0E3}
	EndGlobalSection
EndGlobal
